
Microsoft Visual Studio Solution File, Format Version 12.00
# Visual Studio Version 16
VisualStudioVersion = 16.0.30907.101
MinimumVisualStudioVersion = 10.0.40219.1
Project("{FAE04EC0-301F-11D3-BF4B-00C04F79EFBC}") = "courseWork_winform", "courseWork_winform\courseWork_winform.csproj", "{FE9BB90C-3610-4D93-9CDF-8AA8EE0C7E22}"
EndProject
Global
	GlobalSection(SolutionConfigurationPlatforms) = preSolution
		Debug|Any CPU = Debug|Any CPU
		Release|Any CPU = Release|Any CPU
	EndGlobalSection
	GlobalSection(ProjectConfigurationPlatforms) = postSolution
		{FE9BB90C-3610-4D93-9CDF-8AA8EE0C7E22}.Debug|Any CPU.ActiveCfg = Debug|Any CPU
		{FE9BB90C-3610-4D93-9CDF-8AA8EE0C7E22}.Debug|Any CPU.Build.0 = Debug|Any CPU
		{FE9BB90C-3610-4D93-9CDF-8AA8EE0C7E22}.Release|Any CPU.ActiveCfg = Release|Any CPU
		{FE9BB90C-3610-4D93-9CDF-8AA8EE0C7E22}.Release|Any CPU.Build.0 = Release|Any CPU
	EndGlobalSection
	GlobalSection(SolutionProperties) = preSolution
		HideSolutionNode = FALSE
	EndGlobalSection
	GlobalSection(ExtensibilityGlobals) = postSolution
		SolutionGuid = {C0386BC3-0BB7-4153-83D8-3BA35ACDFC8F}
	EndGlobalSection
EndGlobal
